
Microsoft Visual Studio Solution File, Format Version 12.00
# Visual Studio 15
VisualStudioVersion = 15.0.26730.12
MinimumVisualStudioVersion = 10.0.40219.1
Project("{2150E333-8FDC-42A3-9474-1A3956D46DE8}") = "Framework", "Framework", "{53583C69-C6C5-4829-B1B3-42DA5FFBF5A2}"
EndProject
Project("{2150E333-8FDC-42A3-9474-1A3956D46DE8}") = "Samples", "Samples", "{A9103C91-476E-4E2C-B1B6-5C3A715766B0}"
EndProject
Project("{FAE04EC0-301F-11D3-BF4B-00C04F79EFBC}") = "Fonour.IMS.Domain", "Samples\Fonour.IMS.Domain\Fonour.IMS.Domain.csproj", "{79E16A66-DBA8-4936-8DC3-777E5B04A2DA}"
EndProject
Project("{9A19103F-16F7-4668-BE54-9A1E7A4F7556}") = "Abp", "Framework\Abp\Abp.csproj", "{BE90FF92-B212-462E-B8E0-14790D330BF5}"
EndProject
Project("{FAE04EC0-301F-11D3-BF4B-00C04F79EFBC}") = "Fonour.IMS.EntityFrameworkCore", "Samples\Fonour.IMS.EntityFrameworkCore\Fonour.IMS.EntityFrameworkCore.csproj", "{1DC0EFF7-D257-4F42-84B7-F5311D08824A}"
EndProject
Project("{9A19103F-16F7-4668-BE54-9A1E7A4F7556}") = "Abp.EntityFrameworkCore", "Framework\Abp.EntityFrameworkCore\Abp.EntityFrameworkCore.csproj", "{056A3DDE-678D-428E-A52B-360A8F3E2518}"
EndProject
Project("{9A19103F-16F7-4668-BE54-9A1E7A4F7556}") = "Abp.EntityFramework.Common", "Framework\Abp.EntityFramework.Common\Abp.EntityFramework.Common.csproj", "{E31E9EC3-517D-41FD-A705-CABCF1C8FEFA}"
EndProject
Project("{FAE04EC0-301F-11D3-BF4B-00C04F79EFBC}") = "Fonour.IMS.Application", "Samples\Fonour.IMS.Application\Fonour.IMS.Application.csproj", "{F67A096F-0722-4A72-B0AA-06FD00BE619A}"
EndProject
Project("{9A19103F-16F7-4668-BE54-9A1E7A4F7556}") = "Abp.AutoMapper", "Framework\Abp.AutoMapper\Abp.AutoMapper.csproj", "{978A08B5-0CAF-4317-B8AA-53AED2DA19D5}"
EndProject
Project("{FAE04EC0-301F-11D3-BF4B-00C04F79EFBC}") = "Fonour.IMS.MVC", "Samples\Fonour.IMS.MVC\Fonour.IMS.MVC.csproj", "{482B067C-91D9-43F7-B6E0-C510253E305D}"
EndProject
Project("{9A19103F-16F7-4668-BE54-9A1E7A4F7556}") = "Abp.AspNetCore", "Framework\Abp.AspNetCore\Abp.AspNetCore.csproj", "{DF98F9AB-9D61-4444-A7D2-B5929A3A82E4}"
EndProject
Project("{9A19103F-16F7-4668-BE54-9A1E7A4F7556}") = "Abp.Web.Common", "Framework\Abp.Web.Common\Abp.Web.Common.csproj", "{1514A231-01CF-4493-8752-42DFBD3AFE9C}"
EndProject
Project("{9A19103F-16F7-4668-BE54-9A1E7A4F7556}") = "Abp.Castle.Log4Net", "Framework\Abp.Castle.Log4Net\Abp.Castle.Log4Net.csproj", "{05A9C9B3-6F68-4439-8D60-1C435451E125}"
EndProject
Global
	GlobalSection(SolutionConfigurationPlatforms) = preSolution
		Debug|Any CPU = Debug|Any CPU
		Release|Any CPU = Release|Any CPU
	EndGlobalSection
	GlobalSection(ProjectConfigurationPlatforms) = postSolution
		{79E16A66-DBA8-4936-8DC3-777E5B04A2DA}.Debug|Any CPU.ActiveCfg = Debug|Any CPU
		{79E16A66-DBA8-4936-8DC3-777E5B04A2DA}.Debug|Any CPU.Build.0 = Debug|Any CPU
		{79E16A66-DBA8-4936-8DC3-777E5B04A2DA}.Release|Any CPU.ActiveCfg = Release|Any CPU
		{79E16A66-DBA8-4936-8DC3-777E5B04A2DA}.Release|Any CPU.Build.0 = Release|Any CPU
		{BE90FF92-B212-462E-B8E0-14790D330BF5}.Debug|Any CPU.ActiveCfg = Debug|Any CPU
		{BE90FF92-B212-462E-B8E0-14790D330BF5}.Debug|Any CPU.Build.0 = Debug|Any CPU
		{BE90FF92-B212-462E-B8E0-14790D330BF5}.Release|Any CPU.ActiveCfg = Release|Any CPU
		{BE90FF92-B212-462E-B8E0-14790D330BF5}.Release|Any CPU.Build.0 = Release|Any CPU
		{1DC0EFF7-D257-4F42-84B7-F5311D08824A}.Debug|Any CPU.ActiveCfg = Debug|Any CPU
		{1DC0EFF7-D257-4F42-84B7-F5311D08824A}.Debug|Any CPU.Build.0 = Debug|Any CPU
		{1DC0EFF7-D257-4F42-84B7-F5311D08824A}.Release|Any CPU.ActiveCfg = Release|Any CPU
		{1DC0EFF7-D257-4F42-84B7-F5311D08824A}.Release|Any CPU.Build.0 = Release|Any CPU
		{056A3DDE-678D-428E-A52B-360A8F3E2518}.Debug|Any CPU.ActiveCfg = Debug|Any CPU
		{056A3DDE-678D-428E-A52B-360A8F3E2518}.Debug|Any CPU.Build.0 = Debug|Any CPU
		{056A3DDE-678D-428E-A52B-360A8F3E2518}.Release|Any CPU.ActiveCfg = Release|Any CPU
		{056A3DDE-678D-428E-A52B-360A8F3E2518}.Release|Any CPU.Build.0 = Release|Any CPU
		{E31E9EC3-517D-41FD-A705-CABCF1C8FEFA}.Debug|Any CPU.ActiveCfg = Debug|Any CPU
		{E31E9EC3-517D-41FD-A705-CABCF1C8FEFA}.Debug|Any CPU.Build.0 = Debug|Any CPU
		{E31E9EC3-517D-41FD-A705-CABCF1C8FEFA}.Release|Any CPU.ActiveCfg = Release|Any CPU
		{E31E9EC3-517D-41FD-A705-CABCF1C8FEFA}.Release|Any CPU.Build.0 = Release|Any CPU
		{F67A096F-0722-4A72-B0AA-06FD00BE619A}.Debug|Any CPU.ActiveCfg = Debug|Any CPU
		{F67A096F-0722-4A72-B0AA-06FD00BE619A}.Debug|Any CPU.Build.0 = Debug|Any CPU
		{F67A096F-0722-4A72-B0AA-06FD00BE619A}.Release|Any CPU.ActiveCfg = Release|Any CPU
		{F67A096F-0722-4A72-B0AA-06FD00BE619A}.Release|Any CPU.Build.0 = Release|Any CPU
		{978A08B5-0CAF-4317-B8AA-53AED2DA19D5}.Debug|Any CPU.ActiveCfg = Debug|Any CPU
		{978A08B5-0CAF-4317-B8AA-53AED2DA19D5}.Debug|Any CPU.Build.0 = Debug|Any CPU
		{978A08B5-0CAF-4317-B8AA-53AED2DA19D5}.Release|Any CPU.ActiveCfg = Release|Any CPU
		{978A08B5-0CAF-4317-B8AA-53AED2DA19D5}.Release|Any CPU.Build.0 = Release|Any CPU
		{482B067C-91D9-43F7-B6E0-C510253E305D}.Debug|Any CPU.ActiveCfg = Debug|Any CPU
		{482B067C-91D9-43F7-B6E0-C510253E305D}.Debug|Any CPU.Build.0 = Debug|Any CPU
		{482B067C-91D9-43F7-B6E0-C510253E305D}.Release|Any CPU.ActiveCfg = Release|Any CPU
		{482B067C-91D9-43F7-B6E0-C510253E305D}.Release|Any CPU.Build.0 = Release|Any CPU
		{DF98F9AB-9D61-4444-A7D2-B5929A3A82E4}.Debug|Any CPU.ActiveCfg = Debug|Any CPU
		{DF98F9AB-9D61-4444-A7D2-B5929A3A82E4}.Debug|Any CPU.Build.0 = Debug|Any CPU
		{DF98F9AB-9D61-4444-A7D2-B5929A3A82E4}.Release|Any CPU.ActiveCfg = Release|Any CPU
		{DF98F9AB-9D61-4444-A7D2-B5929A3A82E4}.Release|Any CPU.Build.0 = Release|Any CPU
		{1514A231-01CF-4493-8752-42DFBD3AFE9C}.Debug|Any CPU.ActiveCfg = Debug|Any CPU
		{1514A231-01CF-4493-8752-42DFBD3AFE9C}.Debug|Any CPU.Build.0 = Debug|Any CPU
		{1514A231-01CF-4493-8752-42DFBD3AFE9C}.Release|Any CPU.ActiveCfg = Release|Any CPU
		{1514A231-01CF-4493-8752-42DFBD3AFE9C}.Release|Any CPU.Build.0 = Release|Any CPU
		{05A9C9B3-6F68-4439-8D60-1C435451E125}.Debug|Any CPU.ActiveCfg = Debug|Any CPU
		{05A9C9B3-6F68-4439-8D60-1C435451E125}.Debug|Any CPU.Build.0 = Debug|Any CPU
		{05A9C9B3-6F68-4439-8D60-1C435451E125}.Release|Any CPU.ActiveCfg = Release|Any CPU
		{05A9C9B3-6F68-4439-8D60-1C435451E125}.Release|Any CPU.Build.0 = Release|Any CPU
	EndGlobalSection
	GlobalSection(SolutionProperties) = preSolution
		HideSolutionNode = FALSE
	EndGlobalSection
	GlobalSection(NestedProjects) = preSolution
		{79E16A66-DBA8-4936-8DC3-777E5B04A2DA} = {A9103C91-476E-4E2C-B1B6-5C3A715766B0}
		{BE90FF92-B212-462E-B8E0-14790D330BF5} = {53583C69-C6C5-4829-B1B3-42DA5FFBF5A2}
		{1DC0EFF7-D257-4F42-84B7-F5311D08824A} = {A9103C91-476E-4E2C-B1B6-5C3A715766B0}
		{056A3DDE-678D-428E-A52B-360A8F3E2518} = {53583C69-C6C5-4829-B1B3-42DA5FFBF5A2}
		{E31E9EC3-517D-41FD-A705-CABCF1C8FEFA} = {53583C69-C6C5-4829-B1B3-42DA5FFBF5A2}
		{F67A096F-0722-4A72-B0AA-06FD00BE619A} = {A9103C91-476E-4E2C-B1B6-5C3A715766B0}
		{978A08B5-0CAF-4317-B8AA-53AED2DA19D5} = {53583C69-C6C5-4829-B1B3-42DA5FFBF5A2}
		{482B067C-91D9-43F7-B6E0-C510253E305D} = {A9103C91-476E-4E2C-B1B6-5C3A715766B0}
		{DF98F9AB-9D61-4444-A7D2-B5929A3A82E4} = {53583C69-C6C5-4829-B1B3-42DA5FFBF5A2}
		{1514A231-01CF-4493-8752-42DFBD3AFE9C} = {53583C69-C6C5-4829-B1B3-42DA5FFBF5A2}
		{05A9C9B3-6F68-4439-8D60-1C435451E125} = {53583C69-C6C5-4829-B1B3-42DA5FFBF5A2}
	EndGlobalSection
	GlobalSection(ExtensibilityGlobals) = postSolution
		SolutionGuid = {756751F8-EC20-403B-A5C0-CA4C20B8167D}
	EndGlobalSection
EndGlobal
